
Microsoft Visual Studio Solution File, Format Version 12.00
# Visual Studio 15
VisualStudioVersion = 15.0.27130.2027
MinimumVisualStudioVersion = 10.0.40219.1
Project("{FAE04EC0-301F-11D3-BF4B-00C04F79EFBC}") = "ContosoUniversity", "ContosoUniversity\ContosoUniversity.csproj", "{3AD6D64E-9CD8-4D57-B50F-32C795317B0A}"
EndProject
Global
	GlobalSection(SolutionConfigurationPlatforms) = preSolution
		Debug|Any CPU = Debug|Any CPU
		Release|Any CPU = Release|Any CPU
	EndGlobalSection
	GlobalSection(ProjectConfigurationPlatforms) = postSolution
		{3AD6D64E-9CD8-4D57-B50F-32C795317B0A}.Debug|Any CPU.ActiveCfg = Debug|Any CPU
		{3AD6D64E-9CD8-4D57-B50F-32C795317B0A}.Debug|Any CPU.Build.0 = Debug|Any CPU
		{3AD6D64E-9CD8-4D57-B50F-32C795317B0A}.Release|Any CPU.ActiveCfg = Release|Any CPU
		{3AD6D64E-9CD8-4D57-B50F-32C795317B0A}.Release|Any CPU.Build.0 = Release|Any CPU
	EndGlobalSection
	GlobalSection(SolutionProperties) = preSolution
		HideSolutionNode = FALSE
	EndGlobalSection
	GlobalSection(ExtensibilityGlobals) = postSolution
		SolutionGuid = {3BE43911-FEE3-443E-842A-16A518EE8BD3}
	EndGlobalSection
EndGlobal
